
Microsoft Visual Studio Solution File, Format Version 12.00
# Visual Studio Version 16
VisualStudioVersion = 16.0.30011.22
MinimumVisualStudioVersion = 10.0.40219.1
Project("{FAE04EC0-301F-11D3-BF4B-00C04F79EFBC}") = "IotHubSender", "IotHubSender.csproj", "{825D53B2-80B1-4839-9961-53BD7BF837E8}"
EndProject
Global
	GlobalSection(SolutionConfigurationPlatforms) = preSolution
		Debug|Any CPU = Debug|Any CPU
		Release|Any CPU = Release|Any CPU
	EndGlobalSection
	GlobalSection(ProjectConfigurationPlatforms) = postSolution
		{825D53B2-80B1-4839-9961-53BD7BF837E8}.Debug|Any CPU.ActiveCfg = Debug|Any CPU
		{825D53B2-80B1-4839-9961-53BD7BF837E8}.Debug|Any CPU.Build.0 = Debug|Any CPU
		{825D53B2-80B1-4839-9961-53BD7BF837E8}.Release|Any CPU.ActiveCfg = Release|Any CPU
		{825D53B2-80B1-4839-9961-53BD7BF837E8}.Release|Any CPU.Build.0 = Release|Any CPU
	EndGlobalSection
	GlobalSection(SolutionProperties) = preSolution
		HideSolutionNode = FALSE
	EndGlobalSection
	GlobalSection(ExtensibilityGlobals) = postSolution
		SolutionGuid = {B019567C-3F72-4B18-9F54-573D09F6C9B0}
	EndGlobalSection
EndGlobal
